// !$*UTF8*$!
{
	archiveVersion = 1;
	classes = {
	};
	objectVersion = 46;
	objects = {

/* Begin PBXBuildFile section */
		107B806C19C668F60018D327 /* Foundation.framework in Frameworks */ = {isa = PBXBuildFile; fileRef = 107B806B19C668F60018D327 /* Foundation.framework */; };
		107B806E19C668F60018D327 /* CoreGraphics.framework in Frameworks */ = {isa = PBXBuildFile; fileRef = 107B806D19C668F60018D327 /* CoreGraphics.framework */; };
		107B807019C668F60018D327 /* UIKit.framework in Frameworks */ = {isa = PBXBuildFile; fileRef = 107B806F19C668F60018D327 /* UIKit.framework */; };
		107B807619C668F60018D327 /* InfoPlist.strings in Resources */ = {isa = PBXBuildFile; fileRef = 107B807419C668F60018D327 /* InfoPlist.strings */; };
		107B807819C668F60018D327 /* main.m in Sources */ = {isa = PBXBuildFile; fileRef = 107B807719C668F60018D327 /* main.m */; };
		107B807C19C668F60018D327 /* LBFAppDelegate.m in Sources */ = {isa = PBXBuildFile; fileRef = 107B807B19C668F60018D327 /* LBFAppDelegate.m */; };
		107B807F19C668F60018D327 /* Main.storyboard in Resources */ = {isa = PBXBuildFile; fileRef = 107B807D19C668F60018D327 /* Main.storyboard */; };
		107B808219C668F60018D327 /* LBFViewController.m in Sources */ = {isa = PBXBuildFile; fileRef = 107B808119C668F60018D327 /* LBFViewController.m */; };
		107B808419C668F60018D327 /* Images.xcassets in Resources */ = {isa = PBXBuildFile; fileRef = 107B808319C668F60018D327 /* Images.xcassets */; };
		107B808B19C668F60018D327 /* XCTest.framework in Frameworks */ = {isa = PBXBuildFile; fileRef = 107B808A19C668F60018D327 /* XCTest.framework */; };
		107B808C19C668F60018D327 /* Foundation.framework in Frameworks */ = {isa = PBXBuildFile; fileRef = 107B806B19C668F60018D327 /* Foundation.framework */; };
		107B808D19C668F60018D327 /* UIKit.framework in Frameworks */ = {isa = PBXBuildFile; fileRef = 107B806F19C668F60018D327 /* UIKit.framework */; };
		107B809519C668F60018D327 /* InfoPlist.strings in Resources */ = {isa = PBXBuildFile; fileRef = 107B809319C668F60018D327 /* InfoPlist.strings */; };
		107B809719C668F60018D327 /* LolaBean_Food_CalculatorTests.m in Sources */ = {isa = PBXBuildFile; fileRef = 107B809619C668F60018D327 /* LolaBean_Food_CalculatorTests.m */; };
/* End PBXBuildFile section */

/* Begin PBXContainerItemProxy section */
		107B808E19C668F60018D327 /* PBXContainerItemProxy */ = {
			isa = PBXContainerItemProxy;
			containerPortal = 107B806019C668F60018D327 /* Project object */;
			proxyType = 1;
			remoteGlobalIDString = 107B806719C668F60018D327;
			remoteInfo = "LolaBean Food Calculator";
		};
/* End PBXContainerItemProxy section */

/* Begin PBXFileReference section */
		107B806819C668F60018D327 /* LolaBean Food Calculator.app */ = {isa = PBXFileReference; explicitFileType = wrapper.application; includeInIndex = 0; path = "LolaBean Food Calculator.app"; sourceTree = BUILT_PRODUCTS_DIR; };
		107B806B19C668F60018D327 /* Foundation.framework */ = {isa = PBXFileReference; lastKnownFileType = wrapper.framework; name = Foundation.framework; path = System/Library/Frameworks/Foundation.framework; sourceTree = SDKROOT; };
		107B806D19C668F60018D327 /* CoreGraphics.framework */ = {isa = PBXFileReference; lastKnownFileType = wrapper.framework; name = CoreGraphics.framework; path = System/Library/Frameworks/CoreGraphics.framework; sourceTree = SDKROOT; };
		107B806F19C668F60018D327 /* UIKit.framework */ = {isa = PBXFileReference; lastKnownFileType = wrapper.framework; name = UIKit.framework; path = System/Library/Frameworks/UIKit.framework; sourceTree = SDKROOT; };
		107B807319C668F60018D327 /* LolaBean Food Calculator-Info.plist */ = {isa = PBXFileReference; lastKnownFileType = text.plist.xml; path = "LolaBean Food Calculator-Info.plist"; sourceTree = "<group>"; };
		107B807519C668F60018D327 /* en */ = {isa = PBXFileReference; lastKnownFileType = text.plist.strings; name = en; path = en.lproj/InfoPlist.strings; sourceTree = "<group>"; };
		107B807719C668F60018D327 /* main.m */ = {isa = PBXFileReference; lastKnownFileType = sourcecode.c.objc; path = main.m; sourceTree = "<group>"; };
		107B807919C668F60018D327 /* LolaBean Food Calculator-Prefix.pch */ = {isa = PBXFileReference; lastKnownFileType = sourcecode.c.h; path = "LolaBean Food Calculator-Prefix.pch"; sourceTree = "<group>"; };
		107B807A19C668F60018D327 /* LBFAppDelegate.h */ = {isa = PBXFileReference; lastKnownFileType = sourcecode.c.h; path = LBFAppDelegate.h; sourceTree = "<group>"; };
		107B807B19C668F60018D327 /* LBFAppDelegate.m */ = {isa = PBXFileReference; lastKnownFileType = sourcecode.c.objc; path = LBFAppDelegate.m; sourceTree = "<group>"; };
		107B807E19C668F60018D327 /* Base */ = {isa = PBXFileReference; lastKnownFileType = file.storyboard; name = Base; path = Base.lproj/Main.storyboard; sourceTree = "<group>"; };
		107B808019C668F60018D327 /* LBFViewController.h */ = {isa = PBXFileReference; lastKnownFileType = sourcecode.c.h; path = LBFViewController.h; sourceTree = "<group>"; };
		107B808119C668F60018D327 /* LBFViewController.m */ = {isa = PBXFileReference; lastKnownFileType = sourcecode.c.objc; path = LBFViewController.m; sourceTree = "<group>"; };
		107B808319C668F60018D327 /* Images.xcassets */ = {isa = PBXFileReference; lastKnownFileType = folder.assetcatalog; path = Images.xcassets; sourceTree = "<group>"; };
		107B808919C668F60018D327 /* LolaBean Food CalculatorTests.xctest */ = {isa = PBXFileReference; explicitFileType = wrapper.cfbundle; includeInIndex = 0; path = "LolaBean Food CalculatorTests.xctest"; sourceTree = BUILT_PRODUCTS_DIR; };
		107B808A19C668F60018D327 /* XCTest.framework */ = {isa = PBXFileReference; lastKnownFileType = wrapper.framework; name = XCTest.framework; path = Library/Frameworks/XCTest.framework; sourceTree = DEVELOPER_DIR; };
		107B809219C668F60018D327 /* LolaBean Food CalculatorTests-Info.plist */ = {isa = PBXFileReference; lastKnownFileType = text.plist.xml; path = "LolaBean Food CalculatorTests-Info.plist"; sourceTree = "<group>"; };
		107B809419C668F60018D327 /* en */ = {isa = PBXFileReference; lastKnownFileType = text.plist.strings; name = en; path = en.lproj/InfoPlist.strings; sourceTree = "<group>"; };
		107B809619C668F60018D327 /* LolaBean_Food_CalculatorTests.m */ = {isa = PBXFileReference; lastKnownFileType = sourcecode.c.objc; path = LolaBean_Food_CalculatorTests.m; sourceTree = "<group>"; };
/* End PBXFileReference section */

/* Begin PBXFrameworksBuildPhase section */
		107B806519C668F60018D327 /* Frameworks */ = {
			isa = PBXFrameworksBuildPhase;
			buildActionMask = 2147483647;
			files = (
				107B806E19C668F60018D327 /* CoreGraphics.framework in Frameworks */,
				107B807019C668F60018D327 /* UIKit.framework in Frameworks */,
				107B806C19C668F60018D327 /* Foundation.framework in Frameworks */,
			);
			runOnlyForDeploymentPostprocessing = 0;
		};
		107B808619C668F60018D327 /* Frameworks */ = {
			isa = PBXFrameworksBuildPhase;
			buildActionMask = 2147483647;
			files = (
				107B808B19C668F60018D327 /* XCTest.framework in Frameworks */,
				107B808D19C668F60018D327 /* UIKit.framework in Frameworks */,
				107B808C19C668F60018D327 /* Foundation.framework in Frameworks */,
			);
			runOnlyForDeploymentPostprocessing = 0;
		};
/* End PBXFrameworksBuildPhase section */

/* Begin PBXGroup section */
		107B805F19C668F60018D327 = {
			isa = PBXGroup;
			children = (
				107B807119C668F60018D327 /* LolaBean Food Calculator */,
				107B809019C668F60018D327 /* LolaBean Food CalculatorTests */,
				107B806A19C668F60018D327 /* Frameworks */,
				107B806919C668F60018D327 /* Products */,
			);
			sourceTree = "<group>";
		};
		107B806919C668F60018D327 /* Products */ = {
			isa = PBXGroup;
			children = (
				107B806819C668F60018D327 /* LolaBean Food Calculator.app */,
				107B808919C668F60018D327 /* LolaBean Food CalculatorTests.xctest */,
			);
			name = Products;
			sourceTree = "<group>";
		};
		107B806A19C668F60018D327 /* Frameworks */ = {
			isa = PBXGroup;
			children = (
				107B806B19C668F60018D327 /* Foundation.framework */,
				107B806D19C668F60018D327 /* CoreGraphics.framework */,
				107B806F19C668F60018D327 /* UIKit.framework */,
				107B808A19C668F60018D327 /* XCTest.framework */,
			);
			name = Frameworks;
			sourceTree = "<group>";
		};
		107B807119C668F60018D327 /* LolaBean Food Calculator */ = {
			isa = PBXGroup;
			children = (
				107B807A19C668F60018D327 /* LBFAppDelegate.h */,
				107B807B19C668F60018D327 /* LBFAppDelegate.m */,
				107B807D19C668F60018D327 /* Main.storyboard */,
				107B808019C668F60018D327 /* LBFViewController.h */,
				107B808119C668F60018D327 /* LBFViewController.m */,
				107B808319C668F60018D327 /* Images.xcassets */,
				107B807219C668F60018D327 /* Supporting Files */,
			);
			path = "LolaBean Food Calculator";
			sourceTree = "<group>";
		};
		107B807219C668F60018D327 /* Supporting Files */ = {
			isa = PBXGroup;
			children = (
				107B807319C668F60018D327 /* LolaBean Food Calculator-Info.plist */,
				107B807419C668F60018D327 /* InfoPlist.strings */,
				107B807719C668F60018D327 /* main.m */,
				107B807919C668F60018D327 /* LolaBean Food Calculator-Prefix.pch */,
			);
			name = "Supporting Files";
			sourceTree = "<group>";
		};
		107B809019C668F60018D327 /* LolaBean Food CalculatorTests */ = {
			isa = PBXGroup;
			children = (
				107B809619C668F60018D327 /* LolaBean_Food_CalculatorTests.m */,
				107B809119C668F60018D327 /* Supporting Files */,
			);
			path = "LolaBean Food CalculatorTests";
			sourceTree = "<group>";
		};
		107B809119C668F60018D327 /* Supporting Files */ = {
			isa = PBXGroup;
			children = (
				107B809219C668F60018D327 /* LolaBean Food CalculatorTests-Info.plist */,
				107B809319C668F60018D327 /* InfoPlist.strings */,
			);
			name = "Supporting Files";
			sourceTree = "<group>";
		};
/* End PBXGroup section */

/* Begin PBXNativeTarget section */
		107B806719C668F60018D327 /* LolaBean Food Calculator */ = {
			isa = PBXNativeTarget;
			buildConfigurationList = 107B809A19C668F60018D327 /* Build configuration list for PBXNativeTarget "LolaBean Food Calculator" */;
			buildPhases = (
				107B806419C668F60018D327 /* Sources */,
				107B806519C668F60018D327 /* Frameworks */,
				107B806619C668F60018D327 /* Resources */,
			);
			buildRules = (
			);
			dependencies = (
			);
			name = "LolaBean Food Calculator";
			productName = "LolaBean Food Calculator";
			productReference = 107B806819C668F60018D327 /* LolaBean Food Calculator.app */;
			productType = "com.apple.product-type.application";
		};
		107B808819C668F60018D327 /* LolaBean Food CalculatorTests */ = {
			isa = PBXNativeTarget;
			buildConfigurationList = 107B809D19C668F60018D327 /* Build configuration list for PBXNativeTarget "LolaBean Food CalculatorTests" */;
			buildPhases = (
				107B808519C668F60018D327 /* Sources */,
				107B808619C668F60018D327 /* Frameworks */,
				107B808719C668F60018D327 /* Resources */,
			);
			buildRules = (
			);
			dependencies = (
				107B808F19C668F60018D327 /* PBXTargetDependency */,
			);
			name = "LolaBean Food CalculatorTests";
			productName = "LolaBean Food CalculatorTests";
			productReference = 107B808919C668F60018D327 /* LolaBean Food CalculatorTests.xctest */;
			productType = "com.apple.product-type.bundle.unit-test";
		};
/* End PBXNativeTarget section */

/* Begin PBXProject section */
		107B806019C668F60018D327 /* Project object */ = {
			isa = PBXProject;
			attributes = {
				CLASSPREFIX = LBF;
				LastUpgradeCheck = 0510;
				ORGANIZATIONNAME = Beans;
				TargetAttributes = {
					107B808819C668F60018D327 = {
						TestTargetID = 107B806719C668F60018D327;
					};
				};
			};
			buildConfigurationList = 107B806319C668F60018D327 /* Build configuration list for PBXProject "LolaBean Food Calculator" */;
			compatibilityVersion = "Xcode 3.2";
			developmentRegion = English;
			hasScannedForEncodings = 0;
			knownRegions = (
				en,
				Base,
			);
			mainGroup = 107B805F19C668F60018D327;
			productRefGroup = 107B806919C668F60018D327 /* Products */;
			projectDirPath = "";
			projectRoot = "";
			targets = (
				107B806719C668F60018D327 /* LolaBean Food Calculator */,
				107B808819C668F60018D327 /* LolaBean Food CalculatorTests */,
			);
		};
/* End PBXProject section */

/* Begin PBXResourcesBuildPhase section */
		107B806619C668F60018D327 /* Resources */ = {
			isa = PBXResourcesBuildPhase;
			buildActionMask = 2147483647;
			files = (
				107B808419C668F60018D327 /* Images.xcassets in Resources */,
				107B807619C668F60018D327 /* InfoPlist.strings in Resources */,
				107B807F19C668F60018D327 /* Main.storyboard in Resources */,
			);
			runOnlyForDeploymentPostprocessing = 0;
		};
		107B808719C668F60018D327 /* Resources */ = {
			isa = PBXResourcesBuildPhase;
			buildActionMask = 2147483647;
			files = (
				107B809519C668F60018D327 /* InfoPlist.strings in Resources */,
			);
			runOnlyForDeploymentPostprocessing = 0;
		};
/* End PBXResourcesBuildPhase section */

/* Begin PBXSourcesBuildPhase section */
		107B806419C668F60018D327 /* Sources */ = {
			isa = PBXSourcesBuildPhase;
			buildActionMask = 2147483647;
			files = (
				107B807819C668F60018D327 /* main.m in Sources */,
				107B808219C668F60018D327 /* LBFViewController.m in Sources */,
				107B807C19C668F60018D327 /* LBFAppDelegate.m in Sources */,
			);
			runOnlyForDeploymentPostprocessing = 0;
		};
		107B808519C668F60018D327 /* Sources */ = {
			isa = PBXSourcesBuildPhase;
			buildActionMask = 2147483647;
			files = (
				107B809719C668F60018D327 /* LolaBean_Food_CalculatorTests.m in Sources */,
			);
			runOnlyForDeploymentPostprocessing = 0;
		};
/* End PBXSourcesBuildPhase section */

/* Begin PBXTargetDependency section */
		107B808F19C668F60018D327 /* PBXTargetDependency */ = {
			isa = PBXTargetDependency;
			target = 107B806719C668F60018D327 /* LolaBean Food Calculator */;
			targetProxy = 107B808E19C668F60018D327 /* PBXContainerItemProxy */;
		};
/* End PBXTargetDependency section */

/* Begin PBXVariantGroup section */
		107B807419C668F60018D327 /* InfoPlist.strings */ = {
			isa = PBXVariantGroup;
			children = (
				107B807519C668F60018D327 /* en */,
			);
			name = InfoPlist.strings;
			sourceTree = "<group>";
		};
		107B807D19C668F60018D327 /* Main.storyboard */ = {
			isa = PBXVariantGroup;
			children = (
				107B807E19C668F60018D327 /* Base */,
			);
			name = Main.storyboard;
			sourceTree = "<group>";
		};
		107B809319C668F60018D327 /* InfoPlist.strings */ = {
			isa = PBXVariantGroup;
			children = (
				107B809419C668F60018D327 /* en */,
			);
			name = InfoPlist.strings;
			sourceTree = "<group>";
		};
/* End PBXVariantGroup section */

/* Begin XCBuildConfiguration section */
		107B809819C668F60018D327 /* Debug */ = {
			isa = XCBuildConfiguration;
			buildSettings = {
				ALWAYS_SEARCH_USER_PATHS = NO;
				CLANG_CXX_LANGUAGE_STANDARD = "gnu++0x";
				CLANG_CXX_LIBRARY = "libc++";
				CLANG_ENABLE_MODULES = YES;
				CLANG_ENABLE_OBJC_ARC = YES;
				CLANG_WARN_BOOL_CONVERSION = YES;
				CLANG_WARN_CONSTANT_CONVERSION = YES;
				CLANG_WARN_DIRECT_OBJC_ISA_USAGE = YES_ERROR;
				CLANG_WARN_EMPTY_BODY = YES;
				CLANG_WARN_ENUM_CONVERSION = YES;
				CLANG_WARN_INT_CONVERSION = YES;
				CLANG_WARN_OBJC_ROOT_CLASS = YES_ERROR;
				CLANG_WARN__DUPLICATE_METHOD_MATCH = YES;
				"CODE_SIGN_IDENTITY[sdk=iphoneos*]" = "iPhone Developer";
				COPY_PHASE_STRIP = NO;
				GCC_C_LANGUAGE_STANDARD = gnu99;
				GCC_DYNAMIC_NO_PIC = NO;
				GCC_OPTIMIZATION_LEVEL = 0;
				GCC_PREPROCESSOR_DEFINITIONS = (
					"DEBUG=1",
					"$(inherited)",
				);
				GCC_SYMBOLS_PRIVATE_EXTERN = NO;
				GCC_WARN_64_TO_32_BIT_CONVERSION = YES;
				GCC_WARN_ABOUT_RETURN_TYPE = YES_ERROR;
				GCC_WARN_UNDECLARED_SELECTOR = YES;
				GCC_WARN_UNINITIALIZED_AUTOS = YES_AGGRESSIVE;
				GCC_WARN_UNUSED_FUNCTION = YES;
				GCC_WARN_UNUSED_VARIABLE = YES;
				IPHONEOS_DEPLOYMENT_TARGET = 7.1;
				ONLY_ACTIVE_ARCH = YES;
				SDKROOT = iphoneos;
				TARGETED_DEVICE_FAMILY = 2;
			};
			name = Debug;
		};
		107B809919C668F60018D327 /* Release */ = {
			isa = XCBuildConfiguration;
			buildSettings = {
				ALWAYS_SEARCH_USER_PATHS = NO;
				CLANG_CXX_LANGUAGE_STANDARD = "gnu++0x";
				CLANG_CXX_LIBRARY = "libc++";
				CLANG_ENABLE_MODULES = YES;
				CLANG_ENABLE_OBJC_ARC = YES;
				CLANG_WARN_BOOL_CONVERSION = YES;
				CLANG_WARN_CONSTANT_CONVERSION = YES;
				CLANG_WARN_DIRECT_OBJC_ISA_USAGE = YES_ERROR;
				CLANG_WARN_EMPTY_BODY = YES;
				CLANG_WARN_ENUM_CONVERSION = YES;
				CLANG_WARN_INT_CONVERSION = YES;
				CLANG_WARN_OBJC_ROOT_CLASS = YES_ERROR;
				CLANG_WARN__DUPLICATE_METHOD_MATCH = YES;
				"CODE_SIGN_IDENTITY[sdk=iphoneos*]" = "iPhone Developer";
				COPY_PHASE_STRIP = YES;
				ENABLE_NS_ASSERTIONS = NO;
				GCC_C_LANGUAGE_STANDARD = gnu99;
				GCC_WARN_64_TO_32_BIT_CONVERSION = YES;
				GCC_WARN_ABOUT_RETURN_TYPE = YES_ERROR;
				GCC_WARN_UNDECLARED_SELECTOR = YES;
				GCC_WARN_UNINITIALIZED_AUTOS = YES_AGGRESSIVE;
				GCC_WARN_UNUSED_FUNCTION = YES;
				GCC_WARN_UNUSED_VARIABLE = YES;
				IPHONEOS_DEPLOYMENT_TARGET = 7.1;
				SDKROOT = iphoneos;
				TARGETED_DEVICE_FAMILY = 2;
				VALIDATE_PRODUCT = YES;
			};
			name = Release;
		};
		107B809B19C668F60018D327 /* Debug */ = {
			isa = XCBuildConfiguration;
			buildSettings = {
				ASSETCATALOG_COMPILER_APPICON_NAME = AppIcon;
				ASSETCATALOG_COMPILER_LAUNCHIMAGE_NAME = LaunchImage;
				GCC_PRECOMPILE_PREFIX_HEADER = YES;
				GCC_PREFIX_HEADER = "LolaBean Food Calculator/LolaBean Food Calculator-Prefix.pch";
				INFOPLIST_FILE = "LolaBean Food Calculator/LolaBean Food Calculator-Info.plist";
				PRODUCT_NAME = "$(TARGET_NAME)";
				WRAPPER_EXTENSION = app;
			};
			name = Debug;
		};
		107B809C19C668F60018D327 /* Release */ = {
			isa = XCBuildConfiguration;
			buildSettings = {
				ASSETCATALOG_COMPILER_APPICON_NAME = AppIcon;
				ASSETCATALOG_COMPILER_LAUNCHIMAGE_NAME = LaunchImage;
				GCC_PRECOMPILE_PREFIX_HEADER = YES;
				GCC_PREFIX_HEADER = "LolaBean Food Calculator/LolaBean Food Calculator-Prefix.pch";
				INFOPLIST_FILE = "LolaBean Food Calculator/LolaBean Food Calculator-Info.plist";
				PRODUCT_NAME = "$(TARGET_NAME)";
				WRAPPER_EXTENSION = app;
			};
			name = Release;
		};
		107B809E19C668F60018D327 /* Debug */ = {
			isa = XCBuildConfiguration;
			buildSettings = {
				BUNDLE_LOADER = "$(BUILT_PRODUCTS_DIR)/LolaBean Food Calculator.app/LolaBean Food Calculator";
				FRAMEWORK_SEARCH_PATHS = (
					"$(SDKROOT)/Developer/Library/Frameworks",
					"$(inherited)",
					"$(DEVELOPER_FRAMEWORKS_DIR)",
				);
				GCC_PRECOMPILE_PREFIX_HEADER = YES;
				GCC_PREFIX_HEADER = "LolaBean Food Calculator/LolaBean Food Calculator-Prefix.pch";
				GCC_PREPROCESSOR_DEFINITIONS = (
					"DEBUG=1",
					"$(inherited)",
				);
				INFOPLIST_FILE = "LolaBean Food CalculatorTests/LolaBean Food CalculatorTests-Info.plist";
				PRODUCT_NAME = "$(TARGET_NAME)";
				TEST_HOST = "$(BUNDLE_LOADER)";
				WRAPPER_EXTENSION = xctest;
			};
			name = Debug;
		};
		107B809F19C668F60018D327 /* Release */ = {
			isa = XCBuildConfiguration;
			buildSettings = {
				BUNDLE_LOADER = "$(BUILT_PRODUCTS_DIR)/LolaBean Food Calculator.app/LolaBean Food Calculator";
				FRAMEWORK_SEARCH_PATHS = (
					"$(SDKROOT)/Developer/Library/Frameworks",
					"$(inherited)",
					"$(DEVELOPER_FRAMEWORKS_DIR)",
				);
				GCC_PRECOMPILE_PREFIX_HEADER = YES;
				GCC_PREFIX_HEADER = "LolaBean Food Calculator/LolaBean Food Calculator-Prefix.pch";
				INFOPLIST_FILE = "LolaBean Food CalculatorTests/LolaBean Food CalculatorTests-Info.plist";
				PRODUCT_NAME = "$(TARGET_NAME)";
				TEST_HOST = "$(BUNDLE_LOADER)";
				WRAPPER_EXTENSION = xctest;
			};
			name = Release;
		};
/* End XCBuildConfiguration section */

/* Begin XCConfigurationList section */
		107B806319C668F60018D327 /* Build configuration list for PBXProject "LolaBean Food Calculator" */ = {
			isa = XCConfigurationList;
			buildConfigurations = (
				107B809819C668F60018D327 /* Debug */,
				107B809919C668F60018D327 /* Release */,
			);
			defaultConfigurationIsVisible = 0;
			defaultConfigurationName = Release;
		};
		107B809A19C668F60018D327 /* Build configuration list for PBXNativeTarget "LolaBean Food Calculator" */ = {
			isa = XCConfigurationList;
			buildConfigurations = (
				107B809B19C668F60018D327 /* Debug */,
				107B809C19C668F60018D327 /* Release */,
			);
			defaultConfigurationIsVisible = 0;
		};
		107B809D19C668F60018D327 /* Build configuration list for PBXNativeTarget "LolaBean Food CalculatorTests" */ = {
			isa = XCConfigurationList;
			buildConfigurations = (
				107B809E19C668F60018D327 /* Debug */,
				107B809F19C668F60018D327 /* Release */,
			);
			defaultConfigurationIsVisible = 0;
		};
/* End XCConfigurationList section */
	};
	rootObject = 107B806019C668F60018D327 /* Project object */;
}
